
Microsoft Visual Studio Solution File, Format Version 12.00
# Visual Studio Version 17
VisualStudioVersion = 17.1.32210.238
MinimumVisualStudioVersion = 10.0.40219.1
Project("{54A90642-561A-4BB1-A94E-469ADEE60C69}") = "rock_analysis_ui", "rock_analysis_ui\rock_analysis_ui.esproj", "{697B2D20-0515-4F86-BB9D-E46DE0626958}"
EndProject
Project("{FAE04EC0-301F-11D3-BF4B-00C04F79EFBC}") = "rock_analysis_backend", "rock_analysis_backend\rock_analysis_backend.csproj", "{2E750180-07BB-43A3-827F-1D57F07E4C08}"
EndProject
Global
	GlobalSection(SolutionConfigurationPlatforms) = preSolution
		Debug|Any CPU = Debug|Any CPU
		Release|Any CPU = Release|Any CPU
	EndGlobalSection
	GlobalSection(ProjectConfigurationPlatforms) = postSolution
		{697B2D20-0515-4F86-BB9D-E46DE0626958}.Debug|Any CPU.ActiveCfg = Debug|Any CPU
		{697B2D20-0515-4F86-BB9D-E46DE0626958}.Debug|Any CPU.Build.0 = Debug|Any CPU
		{697B2D20-0515-4F86-BB9D-E46DE0626958}.Debug|Any CPU.Deploy.0 = Debug|Any CPU
		{697B2D20-0515-4F86-BB9D-E46DE0626958}.Release|Any CPU.ActiveCfg = Release|Any CPU
		{697B2D20-0515-4F86-BB9D-E46DE0626958}.Release|Any CPU.Build.0 = Release|Any CPU
		{697B2D20-0515-4F86-BB9D-E46DE0626958}.Release|Any CPU.Deploy.0 = Release|Any CPU
		{2E750180-07BB-43A3-827F-1D57F07E4C08}.Debug|Any CPU.ActiveCfg = Debug|Any CPU
		{2E750180-07BB-43A3-827F-1D57F07E4C08}.Debug|Any CPU.Build.0 = Debug|Any CPU
		{2E750180-07BB-43A3-827F-1D57F07E4C08}.Release|Any CPU.ActiveCfg = Release|Any CPU
		{2E750180-07BB-43A3-827F-1D57F07E4C08}.Release|Any CPU.Build.0 = Release|Any CPU
	EndGlobalSection
	GlobalSection(SolutionProperties) = preSolution
		HideSolutionNode = FALSE
	EndGlobalSection
	GlobalSection(ExtensibilityGlobals) = postSolution
		SolutionGuid = {C1BDA2A8-EEC0-4CFC-B205-F70DF03DAC3E}
	EndGlobalSection
EndGlobal
